{
  "name": "example-consumer",
  "version": "1.0.0",
  "lockfileVersion": 3,
  "requires": true,
  "packages": {
    "": {
      "name": "example-consumer",
      "version": "1.0.0",
      "license": "MIT",
      "dependencies": {
        "package-publish-example": "file:../example-package/package-publish-example-1.2.2.tgz"
      }
    },
    "node_modules/package-publish-example": {
      "version": "1.2.2",
      "resolved": "file:../example-package/package-publish-example-1.2.2.tgz",
      "integrity": "sha512-7T7hS6rTdeTcy0O2R83jZ0vW95uYGgyIFkIYrS3i3FJDP+bg1i8rqUzb6pYpVH1/xkCFSJ8zr8ZYUMSPRhHT3w==",
      "license": "MIT",
      "bin": {
        "bye-bye-world": "bye.js",
        "hello-world": "cli.js"
      }
    }
  }
}
